
Microsoft Visual Studio Solution File, Format Version 12.00
# Visual Studio Version 17
VisualStudioVersion = 17.3.32929.385
MinimumVisualStudioVersion = 10.0.40219.1
Project("{FAE04EC0-301F-11D3-BF4B-00C04F79EFBC}") = "TiendaApp", "TiendaApp\TiendaApp.csproj", "{F57F9D20-1E5F-4DB1-B3F8-FAE930A55EE2}"
EndProject
Global
	GlobalSection(SolutionConfigurationPlatforms) = preSolution
		Debug|Any CPU = Debug|Any CPU
		Release|Any CPU = Release|Any CPU
	EndGlobalSection
	GlobalSection(ProjectConfigurationPlatforms) = postSolution
		{F57F9D20-1E5F-4DB1-B3F8-FAE930A55EE2}.Debug|Any CPU.ActiveCfg = Debug|Any CPU
		{F57F9D20-1E5F-4DB1-B3F8-FAE930A55EE2}.Debug|Any CPU.Build.0 = Debug|Any CPU
		{F57F9D20-1E5F-4DB1-B3F8-FAE930A55EE2}.Release|Any CPU.ActiveCfg = Release|Any CPU
		{F57F9D20-1E5F-4DB1-B3F8-FAE930A55EE2}.Release|Any CPU.Build.0 = Release|Any CPU
	EndGlobalSection
	GlobalSection(SolutionProperties) = preSolution
		HideSolutionNode = FALSE
	EndGlobalSection
	GlobalSection(ExtensibilityGlobals) = postSolution
		SolutionGuid = {AB73FD72-9ADD-4F3C-9858-EA91F9209ED3}
	EndGlobalSection
EndGlobal
